
Microsoft Visual Studio Solution File, Format Version 12.00
# Visual Studio 15
VisualStudioVersion = 15.0.27130.2036
MinimumVisualStudioVersion = 10.0.40219.1
Project("{FAE04EC0-301F-11D3-BF4B-00C04F79EFBC}") = "EmployeeAPI", "EmployeeAPI\EmployeeAPI.csproj", "{800165D5-9970-4A7D-918F-5CF0407832A8}"
EndProject
Project("{FAE04EC0-301F-11D3-BF4B-00C04F79EFBC}") = "EmployeeAPIUnitTest", "EmployeeAPIUnitTest\EmployeeAPIUnitTest.csproj", "{0C7E4D87-6598-4034-B709-55F6A8CEBBAF}"
EndProject
Global
	GlobalSection(SolutionConfigurationPlatforms) = preSolution
		Debug|Any CPU = Debug|Any CPU
		Release|Any CPU = Release|Any CPU
	EndGlobalSection
	GlobalSection(ProjectConfigurationPlatforms) = postSolution
		{800165D5-9970-4A7D-918F-5CF0407832A8}.Debug|Any CPU.ActiveCfg = Debug|Any CPU
		{800165D5-9970-4A7D-918F-5CF0407832A8}.Debug|Any CPU.Build.0 = Debug|Any CPU
		{800165D5-9970-4A7D-918F-5CF0407832A8}.Release|Any CPU.ActiveCfg = Release|Any CPU
		{800165D5-9970-4A7D-918F-5CF0407832A8}.Release|Any CPU.Build.0 = Release|Any CPU
		{0C7E4D87-6598-4034-B709-55F6A8CEBBAF}.Debug|Any CPU.ActiveCfg = Debug|Any CPU
		{0C7E4D87-6598-4034-B709-55F6A8CEBBAF}.Debug|Any CPU.Build.0 = Debug|Any CPU
		{0C7E4D87-6598-4034-B709-55F6A8CEBBAF}.Release|Any CPU.ActiveCfg = Release|Any CPU
		{0C7E4D87-6598-4034-B709-55F6A8CEBBAF}.Release|Any CPU.Build.0 = Release|Any CPU
	EndGlobalSection
	GlobalSection(SolutionProperties) = preSolution
		HideSolutionNode = FALSE
	EndGlobalSection
	GlobalSection(ExtensibilityGlobals) = postSolution
		SolutionGuid = {3451000E-9EEF-4449-B370-61D2CDDED2EC}
	EndGlobalSection
EndGlobal
